// !$*UTF8*$!
{
	archiveVersion = 1;
	classes = {
	};
	objectVersion = 77;
	objects = {

/* Begin PBXBuildFile section */
		EAD541513027A8FB007E9B1F /* MTCHomeFeature in Frameworks */ = {isa = PBXBuildFile; productRef = EAD541503027A8FB007E9B1F /* MTCHomeFeature */; };
		EAD541543027A907007E9B1F /* MTCDomain in Frameworks */ = {isa = PBXBuildFile; productRef = EAD541533027A907007E9B1F /* MTCDomain */; };
		EAD541573027A914007E9B1F /* MTCDesignSystem in Frameworks */ = {isa = PBXBuildFile; productRef = EAD541563027A914007E9B1F /* MTCDesignSystem */; };
		EAD5415A3027A921007E9B1F /* MTCData in Frameworks */ = {isa = PBXBuildFile; productRef = EAD541593027A921007E9B1F /* MTCData */; };
		EAD5415B3027A928007E9B1F /* MTCDetailFeature in Frameworks */ = {isa = PBXBuildFile; productRef = EAD5415C3027A928007E9B1F /* MTCDetailFeature */; };
		EAD5415E3027A928007E9B1F /* MTCPDFFeature in Frameworks */ = {isa = PBXBuildFile; productRef = EAD5415F3027A928007E9B1F /* MTCPDFFeature */; };
		EAD541613027A928007E9B1F /* MTCEvaluationFeature in Frameworks */ = {isa = PBXBuildFile; productRef = EAD541623027A928007E9B1F /* MTCEvaluationFeature */; };
		EAD541643027A928007E9B1F /* MTCSettingsFeature in Frameworks */ = {isa = PBXBuildFile; productRef = EAD541653027A928007E9B1F /* MTCSettingsFeature */; };
		EAD541673027A928007E9B1F /* MTCPremiumFeature in Frameworks */ = {isa = PBXBuildFile; productRef = EAD541683027A928007E9B1F /* MTCPremiumFeature */; };
		EAD5416A3027A928007E9B1F /* MTCQuestionReviewFeature in Frameworks */ = {isa = PBXBuildFile; productRef = EAD5416B3027A928007E9B1F /* MTCQuestionReviewFeature */; };
		EAD5416D3027A928007E9B1F /* MTCOnboardingFeature in Frameworks */ = {isa = PBXBuildFile; productRef = EAD5416E3027A928007E9B1F /* MTCOnboardingFeature */; };
		AF542E5AB38AEFB8FBD990C2 /* MTCAdsFeature in Frameworks */ = {isa = PBXBuildFile; productRef = F00B7B64B07A657E1206AF5E /* MTCAdsFeature */; };
/* End PBXBuildFile section */

/* Begin PBXFileReference section */
		EA73862B3025ADA90019A50B /* mtcquiz.app */ = {isa = PBXFileReference; explicitFileType = wrapper.application; includeInIndex = 0; path = mtcquiz.app; sourceTree = BUILT_PRODUCTS_DIR; };
/* End PBXFileReference section */

/* Begin PBXFileSystemSynchronizedRootGroup section */
		EA73862D3025ADA90019A50B /* mtcquiz */ = {
			isa = PBXFileSystemSynchronizedRootGroup;
			path = mtcquiz;
			sourceTree = "<group>";
		};
/* End PBXFileSystemSynchronizedRootGroup section */

/* Begin PBXFrameworksBuildPhase section */
		EA7386283025ADA90019A50B /* Frameworks */ = {
			isa = PBXFrameworksBuildPhase;
			buildActionMask = 2147483647;
			files = (
				EAD541513027A8FB007E9B1F /* MTCHomeFeature in Frameworks */,
				EAD5415A3027A921007E9B1F /* MTCData in Frameworks */,
				EAD541543027A907007E9B1F /* MTCDomain in Frameworks */,
				EAD541573027A914007E9B1F /* MTCDesignSystem in Frameworks */,
				EAD5415B3027A928007E9B1F /* MTCDetailFeature in Frameworks */,
				EAD5415E3027A928007E9B1F /* MTCPDFFeature in Frameworks */,
				EAD541613027A928007E9B1F /* MTCEvaluationFeature in Frameworks */,
				EAD541643027A928007E9B1F /* MTCSettingsFeature in Frameworks */,
				EAD541673027A928007E9B1F /* MTCPremiumFeature in Frameworks */,
				EAD5416A3027A928007E9B1F /* MTCQuestionReviewFeature in Frameworks */,
				EAD5416D3027A928007E9B1F /* MTCOnboardingFeature in Frameworks */,
				AF542E5AB38AEFB8FBD990C2 /* MTCAdsFeature in Frameworks */,
			);
			runOnlyForDeploymentPostprocessing = 0;
		};
/* End PBXFrameworksBuildPhase section */

/* Begin PBXGroup section */
		EA7386223025ADA80019A50B = {
			isa = PBXGroup;
			children = (
				EA73862D3025ADA90019A50B /* mtcquiz */,
				EA73862C3025ADA90019A50B /* Products */,
			);
			sourceTree = "<group>";
		};
		EA73862C3025ADA90019A50B /* Products */ = {
			isa = PBXGroup;
			children = (
				EA73862B3025ADA90019A50B /* mtcquiz.app */,
			);
			name = Products;
			sourceTree = "<group>";
		};
/* End PBXGroup section */

/* Begin PBXNativeTarget section */
		EA73862A3025ADA90019A50B /* mtcquiz */ = {
			isa = PBXNativeTarget;
			buildConfigurationList = EA7386363025ADAB0019A50B /* Build configuration list for PBXNativeTarget "mtcquiz" */;
			buildPhases = (
				EA7386273025ADA90019A50B /* Sources */,
				EA7386283025ADA90019A50B /* Frameworks */,
				EA7386293025ADA90019A50B /* Resources */,
			);
			buildRules = (
			);
			dependencies = (
			);
			fileSystemSynchronizedGroups = (
				EA73862D3025ADA90019A50B /* mtcquiz */,
			);
			name = mtcquiz;
			packageProductDependencies = (
				EAD541503027A8FB007E9B1F /* MTCHomeFeature */,
				EAD541533027A907007E9B1F /* MTCDomain */,
				EAD541563027A914007E9B1F /* MTCDesignSystem */,
				EAD541593027A921007E9B1F /* MTCData */,
				EAD5415C3027A928007E9B1F /* MTCDetailFeature */,
				EAD5415F3027A928007E9B1F /* MTCPDFFeature */,
				EAD541623027A928007E9B1F /* MTCEvaluationFeature */,
				EAD541653027A928007E9B1F /* MTCSettingsFeature */,
				EAD541683027A928007E9B1F /* MTCPremiumFeature */,
				EAD5416B3027A928007E9B1F /* MTCQuestionReviewFeature */,
				EAD5416E3027A928007E9B1F /* MTCOnboardingFeature */,
				F00B7B64B07A657E1206AF5E /* MTCAdsFeature */,
			);
			productName = mtcquiz;
			productReference = EA73862B3025ADA90019A50B /* mtcquiz.app */;
			productType = "com.apple.product-type.application";
		};
/* End PBXNativeTarget section */

/* Begin PBXProject section */
		EA7386233025ADA80019A50B /* Project object */ = {
			isa = PBXProject;
			attributes = {
				BuildIndependentTargetsInParallel = 1;
				LastSwiftUpdateCheck = 2620;
				LastUpgradeCheck = 2620;
				TargetAttributes = {
					EA73862A3025ADA90019A50B = {
						CreatedOnToolsVersion = 26.2;
					};
				};
			};
			buildConfigurationList = EA7386263025ADA80019A50B /* Build configuration list for PBXProject "mtcquiz" */;
			developmentRegion = en;
			hasScannedForEncodings = 0;
			knownRegions = (
				en,
				Base,
			);
			mainGroup = EA7386223025ADA80019A50B;
			minimizedProjectReferenceProxies = 1;
			packageReferences = (
				EAD5414F3027A8FB007E9B1F /* XCLocalSwiftPackageReference "Packages/MTCHomeFeature" */,
				EAD541523027A907007E9B1F /* XCLocalSwiftPackageReference "Packages/MTCDomain" */,
				EAD541553027A914007E9B1F /* XCLocalSwiftPackageReference "Packages/MTCDesignSystem" */,
				EAD541583027A921007E9B1F /* XCLocalSwiftPackageReference "Packages/MTCData" */,
				EAD5415D3027A928007E9B1F /* XCLocalSwiftPackageReference "Packages/MTCDetailFeature" */,
				EAD541603027A928007E9B1F /* XCLocalSwiftPackageReference "Packages/MTCPDFFeature" */,
				EAD541633027A928007E9B1F /* XCLocalSwiftPackageReference "Packages/MTCEvaluationFeature" */,
				EAD541663027A928007E9B1F /* XCLocalSwiftPackageReference "Packages/MTCSettingsFeature" */,
				EAD541693027A928007E9B1F /* XCLocalSwiftPackageReference "Packages/MTCPremiumFeature" */,
				EAD5416C3027A928007E9B1F /* XCLocalSwiftPackageReference "Packages/MTCQuestionReviewFeature" */,
				EAD5416F3027A928007E9B1F /* XCLocalSwiftPackageReference "Packages/MTCOnboardingFeature" */,
				D5AE6831FA503CABE727DBDE /* XCLocalSwiftPackageReference "Packages/MTCAdsFeature" */,
			);
			preferredProjectObjectVersion = 77;
			productRefGroup = EA73862C3025ADA90019A50B /* Products */;
			projectDirPath = "";
			projectRoot = "";
			targets = (
				EA73862A3025ADA90019A50B /* mtcquiz */,
			);
		};
/* End PBXProject section */

/* Begin PBXResourcesBuildPhase section */
		EA7386293025ADA90019A50B /* Resources */ = {
			isa = PBXResourcesBuildPhase;
			buildActionMask = 2147483647;
			files = (
			);
			runOnlyForDeploymentPostprocessing = 0;
		};
/* End PBXResourcesBuildPhase section */

/* Begin PBXSourcesBuildPhase section */
		EA7386273025ADA90019A50B /* Sources */ = {
			isa = PBXSourcesBuildPhase;
			buildActionMask = 2147483647;
			files = (
			);
			runOnlyForDeploymentPostprocessing = 0;
		};
/* End PBXSourcesBuildPhase section */

/* Begin XCBuildConfiguration section */
		EA7386343025ADAB0019A50B /* Debug */ = {
			isa = XCBuildConfiguration;
			buildSettings = {
				ALWAYS_SEARCH_USER_PATHS = NO;
				ASSETCATALOG_COMPILER_GENERATE_SWIFT_ASSET_SYMBOL_EXTENSIONS = YES;
				CLANG_ANALYZER_NONNULL = YES;
				CLANG_ANALYZER_NUMBER_OBJECT_CONVERSION = YES_AGGRESSIVE;
				CLANG_CXX_LANGUAGE_STANDARD = "gnu++20";
				CLANG_ENABLE_MODULES = YES;
				CLANG_ENABLE_OBJC_ARC = YES;
				CLANG_ENABLE_OBJC_WEAK = YES;
				CLANG_WARN_BLOCK_CAPTURE_AUTORELEASING = YES;
				CLANG_WARN_BOOL_CONVERSION = YES;
				CLANG_WARN_COMMA = YES;
				CLANG_WARN_CONSTANT_CONVERSION = YES;
				CLANG_WARN_DEPRECATED_OBJC_IMPLEMENTATIONS = YES;
				CLANG_WARN_DIRECT_OBJC_ISA_USAGE = YES_ERROR;
				CLANG_WARN_DOCUMENTATION_COMMENTS = YES;
				CLANG_WARN_EMPTY_BODY = YES;
				CLANG_WARN_ENUM_CONVERSION = YES;
				CLANG_WARN_INFINITE_RECURSION = YES;
				CLANG_WARN_INT_CONVERSION = YES;
				CLANG_WARN_NON_LITERAL_NULL_CONVERSION = YES;
				CLANG_WARN_OBJC_IMPLICIT_RETAIN_SELF = YES;
				CLANG_WARN_OBJC_LITERAL_CONVERSION = YES;
				CLANG_WARN_OBJC_ROOT_CLASS = YES_ERROR;
				CLANG_WARN_QUOTED_INCLUDE_IN_FRAMEWORK_HEADER = YES;
				CLANG_WARN_RANGE_LOOP_ANALYSIS = YES;
				CLANG_WARN_STRICT_PROTOTYPES = YES;
				CLANG_WARN_SUSPICIOUS_MOVE = YES;
				CLANG_WARN_UNGUARDED_AVAILABILITY = YES_AGGRESSIVE;
				CLANG_WARN_UNREACHABLE_CODE = YES;
				CLANG_WARN__DUPLICATE_METHOD_MATCH = YES;
				COPY_PHASE_STRIP = NO;
				DEBUG_INFORMATION_FORMAT = dwarf;
				DEVELOPMENT_TEAM = 2436FLG37H;
				ENABLE_STRICT_OBJC_MSGSEND = YES;
				ENABLE_TESTABILITY = YES;
				ENABLE_USER_SCRIPT_SANDBOXING = YES;
				GCC_C_LANGUAGE_STANDARD = gnu17;
				GCC_DYNAMIC_NO_PIC = NO;
				GCC_NO_COMMON_BLOCKS = YES;
				GCC_OPTIMIZATION_LEVEL = 0;
				GCC_PREPROCESSOR_DEFINITIONS = (
					"DEBUG=1",
					"$(inherited)",
				);
				GCC_WARN_64_TO_32_BIT_CONVERSION = YES;
				GCC_WARN_ABOUT_RETURN_TYPE = YES_ERROR;
				GCC_WARN_UNDECLARED_SELECTOR = YES;
				GCC_WARN_UNINITIALIZED_AUTOS = YES_AGGRESSIVE;
				GCC_WARN_UNUSED_FUNCTION = YES;
				GCC_WARN_UNUSED_VARIABLE = YES;
				IPHONEOS_DEPLOYMENT_TARGET = 26.2;
				LOCALIZATION_PREFERS_STRING_CATALOGS = YES;
				MTL_ENABLE_DEBUG_INFO = INCLUDE_SOURCE;
				MTL_FAST_MATH = YES;
				ONLY_ACTIVE_ARCH = YES;
				SDKROOT = iphoneos;
				SWIFT_ACTIVE_COMPILATION_CONDITIONS = "DEBUG $(inherited)";
				SWIFT_OPTIMIZATION_LEVEL = "-Onone";
			};
			name = Debug;
		};
		EA7386353025ADAB0019A50B /* Release */ = {
			isa = XCBuildConfiguration;
			buildSettings = {
				ALWAYS_SEARCH_USER_PATHS = NO;
				ASSETCATALOG_COMPILER_GENERATE_SWIFT_ASSET_SYMBOL_EXTENSIONS = YES;
				CLANG_ANALYZER_NONNULL = YES;
				CLANG_ANALYZER_NUMBER_OBJECT_CONVERSION = YES_AGGRESSIVE;
				CLANG_CXX_LANGUAGE_STANDARD = "gnu++20";
				CLANG_ENABLE_MODULES = YES;
				CLANG_ENABLE_OBJC_ARC = YES;
				CLANG_ENABLE_OBJC_WEAK = YES;
				CLANG_WARN_BLOCK_CAPTURE_AUTORELEASING = YES;
				CLANG_WARN_BOOL_CONVERSION = YES;
				CLANG_WARN_COMMA = YES;
				CLANG_WARN_CONSTANT_CONVERSION = YES;
				CLANG_WARN_DEPRECATED_OBJC_IMPLEMENTATIONS = YES;
				CLANG_WARN_DIRECT_OBJC_ISA_USAGE = YES_ERROR;
				CLANG_WARN_DOCUMENTATION_COMMENTS = YES;
				CLANG_WARN_EMPTY_BODY = YES;
				CLANG_WARN_ENUM_CONVERSION = YES;
				CLANG_WARN_INFINITE_RECURSION = YES;
				CLANG_WARN_INT_CONVERSION = YES;
				CLANG_WARN_NON_LITERAL_NULL_CONVERSION = YES;
				CLANG_WARN_OBJC_IMPLICIT_RETAIN_SELF = YES;
				CLANG_WARN_OBJC_LITERAL_CONVERSION = YES;
				CLANG_WARN_OBJC_ROOT_CLASS = YES_ERROR;
				CLANG_WARN_QUOTED_INCLUDE_IN_FRAMEWORK_HEADER = YES;
				CLANG_WARN_RANGE_LOOP_ANALYSIS = YES;
				CLANG_WARN_STRICT_PROTOTYPES = YES;
				CLANG_WARN_SUSPICIOUS_MOVE = YES;
				CLANG_WARN_UNGUARDED_AVAILABILITY = YES_AGGRESSIVE;
				CLANG_WARN_UNREACHABLE_CODE = YES;
				CLANG_WARN__DUPLICATE_METHOD_MATCH = YES;
				COPY_PHASE_STRIP = NO;
				DEBUG_INFORMATION_FORMAT = "dwarf-with-dsym";
				DEVELOPMENT_TEAM = 2436FLG37H;
				ENABLE_NS_ASSERTIONS = NO;
				ENABLE_STRICT_OBJC_MSGSEND = YES;
				ENABLE_USER_SCRIPT_SANDBOXING = YES;
				GCC_C_LANGUAGE_STANDARD = gnu17;
				GCC_NO_COMMON_BLOCKS = YES;
				GCC_WARN_64_TO_32_BIT_CONVERSION = YES;
				GCC_WARN_ABOUT_RETURN_TYPE = YES_ERROR;
				GCC_WARN_UNDECLARED_SELECTOR = YES;
				GCC_WARN_UNINITIALIZED_AUTOS = YES_AGGRESSIVE;
				GCC_WARN_UNUSED_FUNCTION = YES;
				GCC_WARN_UNUSED_VARIABLE = YES;
				IPHONEOS_DEPLOYMENT_TARGET = 26.2;
				LOCALIZATION_PREFERS_STRING_CATALOGS = YES;
				MTL_ENABLE_DEBUG_INFO = NO;
				MTL_FAST_MATH = YES;
				SDKROOT = iphoneos;
				SWIFT_COMPILATION_MODE = wholemodule;
				VALIDATE_PRODUCT = YES;
			};
			name = Release;
		};
		EA7386373025ADAB0019A50B /* Debug */ = {
			isa = XCBuildConfiguration;
			buildSettings = {
				ASSETCATALOG_COMPILER_APPICON_NAME = AppIcon;
				ASSETCATALOG_COMPILER_GLOBAL_ACCENT_COLOR_NAME = AccentColor;
				CODE_SIGN_STYLE = Automatic;
				CURRENT_PROJECT_VERSION = 1;
				DEVELOPMENT_TEAM = 2436FLG37H;
				ENABLE_PREVIEWS = YES;
				GENERATE_INFOPLIST_FILE = YES;
				INFOPLIST_FILE = Info.plist;
				INFOPLIST_KEY_UIApplicationSceneManifest_Generation = YES;
				INFOPLIST_KEY_UIApplicationSupportsIndirectInputEvents = YES;
				INFOPLIST_KEY_UILaunchScreen_Generation = YES;
				INFOPLIST_KEY_UISupportedInterfaceOrientations_iPad = "UIInterfaceOrientationPortrait UIInterfaceOrientationPortraitUpsideDown UIInterfaceOrientationLandscapeLeft UIInterfaceOrientationLandscapeRight";
				INFOPLIST_KEY_UISupportedInterfaceOrientations_iPhone = "UIInterfaceOrientationPortrait UIInterfaceOrientationLandscapeLeft UIInterfaceOrientationLandscapeRight";
				LD_RUNPATH_SEARCH_PATHS = (
					"$(inherited)",
					"@executable_path/Frameworks",
				);
				MARKETING_VERSION = 1.0;
				PRODUCT_BUNDLE_IDENTIFIER = com.gonzadev.mtcquiz;
				PRODUCT_NAME = "$(TARGET_NAME)";
				STRING_CATALOG_GENERATE_SYMBOLS = YES;
				SWIFT_APPROACHABLE_CONCURRENCY = YES;
				SWIFT_DEFAULT_ACTOR_ISOLATION = MainActor;
				SWIFT_EMIT_LOC_STRINGS = YES;
				SWIFT_UPCOMING_FEATURE_MEMBER_IMPORT_VISIBILITY = YES;
				SWIFT_VERSION = 5.0;
				TARGETED_DEVICE_FAMILY = "1,2";
			};
			name = Debug;
		};
		EA7386383025ADAB0019A50B /* Release */ = {
			isa = XCBuildConfiguration;
			buildSettings = {
				ASSETCATALOG_COMPILER_APPICON_NAME = AppIcon;
				ASSETCATALOG_COMPILER_GLOBAL_ACCENT_COLOR_NAME = AccentColor;
				CODE_SIGN_STYLE = Automatic;
				CURRENT_PROJECT_VERSION = 1;
				DEVELOPMENT_TEAM = 2436FLG37H;
				ENABLE_PREVIEWS = YES;
				GENERATE_INFOPLIST_FILE = YES;
				INFOPLIST_FILE = Info.plist;
				INFOPLIST_KEY_UIApplicationSceneManifest_Generation = YES;
				INFOPLIST_KEY_UIApplicationSupportsIndirectInputEvents = YES;
				INFOPLIST_KEY_UILaunchScreen_Generation = YES;
				INFOPLIST_KEY_UISupportedInterfaceOrientations_iPad = "UIInterfaceOrientationPortrait UIInterfaceOrientationPortraitUpsideDown UIInterfaceOrientationLandscapeLeft UIInterfaceOrientationLandscapeRight";
				INFOPLIST_KEY_UISupportedInterfaceOrientations_iPhone = "UIInterfaceOrientationPortrait UIInterfaceOrientationLandscapeLeft UIInterfaceOrientationLandscapeRight";
				LD_RUNPATH_SEARCH_PATHS = (
					"$(inherited)",
					"@executable_path/Frameworks",
				);
				MARKETING_VERSION = 1.0;
				PRODUCT_BUNDLE_IDENTIFIER = com.gonzadev.mtcquiz;
				PRODUCT_NAME = "$(TARGET_NAME)";
				STRING_CATALOG_GENERATE_SYMBOLS = YES;
				SWIFT_APPROACHABLE_CONCURRENCY = YES;
				SWIFT_DEFAULT_ACTOR_ISOLATION = MainActor;
				SWIFT_EMIT_LOC_STRINGS = YES;
				SWIFT_UPCOMING_FEATURE_MEMBER_IMPORT_VISIBILITY = YES;
				SWIFT_VERSION = 5.0;
				TARGETED_DEVICE_FAMILY = "1,2";
			};
			name = Release;
		};
/* End XCBuildConfiguration section */

/* Begin XCConfigurationList section */
		EA7386263025ADA80019A50B /* Build configuration list for PBXProject "mtcquiz" */ = {
			isa = XCConfigurationList;
			buildConfigurations = (
				EA7386343025ADAB0019A50B /* Debug */,
				EA7386353025ADAB0019A50B /* Release */,
			);
			defaultConfigurationIsVisible = 0;
			defaultConfigurationName = Release;
		};
		EA7386363025ADAB0019A50B /* Build configuration list for PBXNativeTarget "mtcquiz" */ = {
			isa = XCConfigurationList;
			buildConfigurations = (
				EA7386373025ADAB0019A50B /* Debug */,
				EA7386383025ADAB0019A50B /* Release */,
			);
			defaultConfigurationIsVisible = 0;
			defaultConfigurationName = Release;
		};
/* End XCConfigurationList section */

/* Begin XCLocalSwiftPackageReference section */
		EAD5414F3027A8FB007E9B1F /* XCLocalSwiftPackageReference "Packages/MTCHomeFeature" */ = {
			isa = XCLocalSwiftPackageReference;
			relativePath = Packages/MTCHomeFeature;
		};
		EAD541523027A907007E9B1F /* XCLocalSwiftPackageReference "Packages/MTCDomain" */ = {
			isa = XCLocalSwiftPackageReference;
			relativePath = Packages/MTCDomain;
		};
		EAD541553027A914007E9B1F /* XCLocalSwiftPackageReference "Packages/MTCDesignSystem" */ = {
			isa = XCLocalSwiftPackageReference;
			relativePath = Packages/MTCDesignSystem;
		};
		EAD541583027A921007E9B1F /* XCLocalSwiftPackageReference "Packages/MTCData" */ = {
			isa = XCLocalSwiftPackageReference;
			relativePath = Packages/MTCData;
		};
		EAD5415D3027A928007E9B1F /* XCLocalSwiftPackageReference "Packages/MTCDetailFeature" */ = {
			isa = XCLocalSwiftPackageReference;
			relativePath = Packages/MTCDetailFeature;
		};
		EAD541603027A928007E9B1F /* XCLocalSwiftPackageReference "Packages/MTCPDFFeature" */ = {
			isa = XCLocalSwiftPackageReference;
			relativePath = Packages/MTCPDFFeature;
		};
		EAD541633027A928007E9B1F /* XCLocalSwiftPackageReference "Packages/MTCEvaluationFeature" */ = {
			isa = XCLocalSwiftPackageReference;
			relativePath = Packages/MTCEvaluationFeature;
		};
		EAD541663027A928007E9B1F /* XCLocalSwiftPackageReference "Packages/MTCSettingsFeature" */ = {
			isa = XCLocalSwiftPackageReference;
			relativePath = Packages/MTCSettingsFeature;
		};
		EAD541693027A928007E9B1F /* XCLocalSwiftPackageReference "Packages/MTCPremiumFeature" */ = {
			isa = XCLocalSwiftPackageReference;
			relativePath = Packages/MTCPremiumFeature;
		};
		EAD5416C3027A928007E9B1F /* XCLocalSwiftPackageReference "Packages/MTCQuestionReviewFeature" */ = {
			isa = XCLocalSwiftPackageReference;
			relativePath = Packages/MTCQuestionReviewFeature;
		};
		EAD5416F3027A928007E9B1F /* XCLocalSwiftPackageReference "Packages/MTCOnboardingFeature" */ = {
			isa = XCLocalSwiftPackageReference;
			relativePath = Packages/MTCOnboardingFeature;
		};
		D5AE6831FA503CABE727DBDE /* XCLocalSwiftPackageReference "Packages/MTCAdsFeature" */ = {
			isa = XCLocalSwiftPackageReference;
			relativePath = Packages/MTCAdsFeature;
		};
/* End XCLocalSwiftPackageReference section */

/* Begin XCSwiftPackageProductDependency section */
		EAD541503027A8FB007E9B1F /* MTCHomeFeature */ = {
			isa = XCSwiftPackageProductDependency;
			productName = MTCHomeFeature;
		};
		EAD541533027A907007E9B1F /* MTCDomain */ = {
			isa = XCSwiftPackageProductDependency;
			productName = MTCDomain;
		};
		EAD541563027A914007E9B1F /* MTCDesignSystem */ = {
			isa = XCSwiftPackageProductDependency;
			productName = MTCDesignSystem;
		};
		EAD541593027A921007E9B1F /* MTCData */ = {
			isa = XCSwiftPackageProductDependency;
			productName = MTCData;
		};
		EAD5415C3027A928007E9B1F /* MTCDetailFeature */ = {
			isa = XCSwiftPackageProductDependency;
			productName = MTCDetailFeature;
		};
		EAD5415F3027A928007E9B1F /* MTCPDFFeature */ = {
			isa = XCSwiftPackageProductDependency;
			productName = MTCPDFFeature;
		};
		EAD541623027A928007E9B1F /* MTCEvaluationFeature */ = {
			isa = XCSwiftPackageProductDependency;
			productName = MTCEvaluationFeature;
		};
		EAD541653027A928007E9B1F /* MTCSettingsFeature */ = {
			isa = XCSwiftPackageProductDependency;
			productName = MTCSettingsFeature;
		};
		EAD541683027A928007E9B1F /* MTCPremiumFeature */ = {
			isa = XCSwiftPackageProductDependency;
			productName = MTCPremiumFeature;
		};
		EAD5416B3027A928007E9B1F /* MTCQuestionReviewFeature */ = {
			isa = XCSwiftPackageProductDependency;
			productName = MTCQuestionReviewFeature;
		};
		EAD5416E3027A928007E9B1F /* MTCOnboardingFeature */ = {
			isa = XCSwiftPackageProductDependency;
			productName = MTCOnboardingFeature;
		};
		F00B7B64B07A657E1206AF5E /* MTCAdsFeature */ = {
			isa = XCSwiftPackageProductDependency;
			productName = MTCAdsFeature;
		};
/* End XCSwiftPackageProductDependency section */
	};
	rootObject = EA7386233025ADA80019A50B /* Project object */;
}
